
Microsoft Visual Studio Solution File, Format Version 12.00
# Visual Studio Version 17
VisualStudioVersion = 17.5.33502.453
MinimumVisualStudioVersion = 10.0.40219.1
Project("{9A19103F-16F7-4668-BE54-9A1E7A4F7556}") = "SocialNetwork", "SocialNetwork\SocialNetwork.csproj", "{DDD7C8B7-0036-40E6-BE66-762543B4D3EB}"
EndProject
Project("{FAE04EC0-301F-11D3-BF4B-00C04F79EFBC}") = "SocialNetwork.Tests", "SocialNetwork.Tests\SocialNetwork.Tests.csproj", "{FC52AF6C-A360-4946-97E9-F0DD904D261C}"
EndProject
Global
	GlobalSection(SolutionConfigurationPlatforms) = preSolution
		Debug|Any CPU = Debug|Any CPU
		Release|Any CPU = Release|Any CPU
	EndGlobalSection
	GlobalSection(ProjectConfigurationPlatforms) = postSolution
		{DDD7C8B7-0036-40E6-BE66-762543B4D3EB}.Debug|Any CPU.ActiveCfg = Debug|Any CPU
		{DDD7C8B7-0036-40E6-BE66-762543B4D3EB}.Debug|Any CPU.Build.0 = Debug|Any CPU
		{DDD7C8B7-0036-40E6-BE66-762543B4D3EB}.Release|Any CPU.ActiveCfg = Release|Any CPU
		{DDD7C8B7-0036-40E6-BE66-762543B4D3EB}.Release|Any CPU.Build.0 = Release|Any CPU
		{FC52AF6C-A360-4946-97E9-F0DD904D261C}.Debug|Any CPU.ActiveCfg = Debug|Any CPU
		{FC52AF6C-A360-4946-97E9-F0DD904D261C}.Debug|Any CPU.Build.0 = Debug|Any CPU
		{FC52AF6C-A360-4946-97E9-F0DD904D261C}.Release|Any CPU.ActiveCfg = Release|Any CPU
		{FC52AF6C-A360-4946-97E9-F0DD904D261C}.Release|Any CPU.Build.0 = Release|Any CPU
	EndGlobalSection
	GlobalSection(SolutionProperties) = preSolution
		HideSolutionNode = FALSE
	EndGlobalSection
	GlobalSection(ExtensibilityGlobals) = postSolution
		SolutionGuid = {9977186C-F72E-42CC-80FD-607F0FE3E8A2}
	EndGlobalSection
EndGlobal
